
Microsoft Visual Studio Solution File, Format Version 12.00
# Visual Studio Version 17
VisualStudioVersion = 17.13.35931.197
MinimumVisualStudioVersion = 10.0.40219.1
Project("{FAE04EC0-301F-11D3-BF4B-00C04F79EFBC}") = "ModularCA.API", "ModularCA.API\ModularCA.API.csproj", "{F88448A5-1989-47BD-8A05-697E3AA18E3E}"
EndProject
Project("{54A90642-561A-4BB1-A94E-469ADEE60C69}") = "modularca.adminui", "modularca.adminui\modularca.adminui.esproj", "{C44C40D0-1A5A-FF07-01D4-E71D1D2F3582}"
EndProject
Project("{54A90642-561A-4BB1-A94E-469ADEE60C69}") = "modularca.userui", "modularca.userui\modularca.userui.esproj", "{1EFF1D93-B9BA-1FD8-6EAF-92CF1B11B924}"
EndProject
Project("{54A90642-561A-4BB1-A94E-469ADEE60C69}") = "modularca.publicui", "modularca.publicui\modularca.publicui.esproj", "{89DE1883-508C-8435-7E04-56EE8D65AAB0}"
EndProject
Project("{2150E333-8FDC-42A3-9474-1A3956D46DE8}") = "src", "src", "{02EA681E-C7D8-13C7-8484-4AC65E1B71E8}"
EndProject
Project("{FAE04EC0-301F-11D3-BF4B-00C04F79EFBC}") = "ModularCA.YAMLBackup", "ModularCA.YAMLBackup\ModularCA.YAMLBackup.csproj", "{A94584A6-989D-45A7-BBAB-9EC5466101EF}"
EndProject
Project("{FAE04EC0-301F-11D3-BF4B-00C04F79EFBC}") = "ModularCA.Database", "ModularCA.Database\ModularCA.Database.csproj", "{72CA8391-7E30-4C68-BA0B-C67A1DEA7070}"
EndProject
Project("{2150E333-8FDC-42A3-9474-1A3956D46DE8}") = "tools", "tools", "{1F3A376A-8852-4792-8767-85198EEBB95D}"
EndProject
Project("{FAE04EC0-301F-11D3-BF4B-00C04F79EFBC}") = "yaml-restore", "yaml-restore\yaml-restore.csproj", "{7F801198-54E7-4E81-9EA3-D4665EF972D9}"
EndProject
Project("{2150E333-8FDC-42A3-9474-1A3956D46DE8}") = "dashboards", "dashboards", "{1AB1613B-DE4D-41B7-9D94-F9BF60343D71}"
EndProject
Project("{2150E333-8FDC-42A3-9474-1A3956D46DE8}") = "config", "config", "{B8773905-62D8-49CD-ABF7-144C5C117F12}"
	ProjectSection(SolutionItems) = preProject
		config\BootstrapConfig.yaml.example = config\BootstrapConfig.yaml.example
		config.yaml.example = config.yaml.example
		config\db.yaml.example = config\db.yaml.example
	EndProjectSection
EndProject
Project("{2150E333-8FDC-42A3-9474-1A3956D46DE8}") = "scripts", "scripts", "{C092B4A4-843E-477A-BAE0-673124BC9578}"
EndProject
Project("{2150E333-8FDC-42A3-9474-1A3956D46DE8}") = "docs", "docs", "{22D7EB07-0445-49CA-9C01-808479503A7E}"
EndProject
Project("{FAE04EC0-301F-11D3-BF4B-00C04F79EFBC}") = "ModularCA.Core", "ModularCA.Core\ModularCA.Core.csproj", "{E92677AE-A05E-6C43-106D-B4B4C15D36DC}"
EndProject
Project("{FAE04EC0-301F-11D3-BF4B-00C04F79EFBC}") = "ModularCA.Bootstrap", "ModularCA.Bootstrap\ModularCA.Bootstrap.csproj", "{6A437C5D-6DC4-1A74-CCB9-71B8EE74CF42}"
EndProject
Project("{FAE04EC0-301F-11D3-BF4B-00C04F79EFBC}") = "ModularCA.Shared", "ModularCA.Shared\ModularCA.Shared.csproj", "{17B7562F-73CC-4076-80EA-9CCAE0EC645A}"
EndProject
Project("{FAE04EC0-301F-11D3-BF4B-00C04F79EFBC}") = "ModularCA.Keystore", "ModularCA.Keystore\ModularCA.Keystore.csproj", "{1B8BB404-AC58-4758-A47F-416EFBF525CD}"
EndProject
Project("{FAE04EC0-301F-11D3-BF4B-00C04F79EFBC}") = "ModularCA.Auth", "ModularCA.Auth\ModularCA.Auth.csproj", "{00799E67-1A7E-D517-3A61-ADF4DD19DEDD}"
EndProject
Project("{FAE04EC0-301F-11D3-BF4B-00C04F79EFBC}") = "ModularCA.Functions", "ModularCA.Functions\ModularCA.Functions.csproj", "{8A6A7AE1-C334-BE5F-CE77-F1FC0D712CDF}"
EndProject
Global
	GlobalSection(SolutionConfigurationPlatforms) = preSolution
		Debug|Any CPU = Debug|Any CPU
		Release|Any CPU = Release|Any CPU
	EndGlobalSection
	GlobalSection(ProjectConfigurationPlatforms) = postSolution
		{F88448A5-1989-47BD-8A05-697E3AA18E3E}.Debug|Any CPU.ActiveCfg = Debug|Any CPU
		{F88448A5-1989-47BD-8A05-697E3AA18E3E}.Debug|Any CPU.Build.0 = Debug|Any CPU
		{F88448A5-1989-47BD-8A05-697E3AA18E3E}.Release|Any CPU.ActiveCfg = Release|Any CPU
		{F88448A5-1989-47BD-8A05-697E3AA18E3E}.Release|Any CPU.Build.0 = Release|Any CPU
		{C44C40D0-1A5A-FF07-01D4-E71D1D2F3582}.Debug|Any CPU.ActiveCfg = Debug|Any CPU
		{C44C40D0-1A5A-FF07-01D4-E71D1D2F3582}.Debug|Any CPU.Build.0 = Debug|Any CPU
		{C44C40D0-1A5A-FF07-01D4-E71D1D2F3582}.Debug|Any CPU.Deploy.0 = Debug|Any CPU
		{C44C40D0-1A5A-FF07-01D4-E71D1D2F3582}.Release|Any CPU.ActiveCfg = Release|Any CPU
		{C44C40D0-1A5A-FF07-01D4-E71D1D2F3582}.Release|Any CPU.Build.0 = Release|Any CPU
		{C44C40D0-1A5A-FF07-01D4-E71D1D2F3582}.Release|Any CPU.Deploy.0 = Release|Any CPU
		{1EFF1D93-B9BA-1FD8-6EAF-92CF1B11B924}.Debug|Any CPU.ActiveCfg = Debug|Any CPU
		{1EFF1D93-B9BA-1FD8-6EAF-92CF1B11B924}.Debug|Any CPU.Build.0 = Debug|Any CPU
		{1EFF1D93-B9BA-1FD8-6EAF-92CF1B11B924}.Debug|Any CPU.Deploy.0 = Debug|Any CPU
		{1EFF1D93-B9BA-1FD8-6EAF-92CF1B11B924}.Release|Any CPU.ActiveCfg = Release|Any CPU
		{1EFF1D93-B9BA-1FD8-6EAF-92CF1B11B924}.Release|Any CPU.Build.0 = Release|Any CPU
		{1EFF1D93-B9BA-1FD8-6EAF-92CF1B11B924}.Release|Any CPU.Deploy.0 = Release|Any CPU
		{89DE1883-508C-8435-7E04-56EE8D65AAB0}.Debug|Any CPU.ActiveCfg = Debug|Any CPU
		{89DE1883-508C-8435-7E04-56EE8D65AAB0}.Debug|Any CPU.Build.0 = Debug|Any CPU
		{89DE1883-508C-8435-7E04-56EE8D65AAB0}.Debug|Any CPU.Deploy.0 = Debug|Any CPU
		{89DE1883-508C-8435-7E04-56EE8D65AAB0}.Release|Any CPU.ActiveCfg = Release|Any CPU
		{89DE1883-508C-8435-7E04-56EE8D65AAB0}.Release|Any CPU.Build.0 = Release|Any CPU
		{89DE1883-508C-8435-7E04-56EE8D65AAB0}.Release|Any CPU.Deploy.0 = Release|Any CPU
		{A94584A6-989D-45A7-BBAB-9EC5466101EF}.Debug|Any CPU.ActiveCfg = Debug|Any CPU
		{A94584A6-989D-45A7-BBAB-9EC5466101EF}.Debug|Any CPU.Build.0 = Debug|Any CPU
		{A94584A6-989D-45A7-BBAB-9EC5466101EF}.Release|Any CPU.ActiveCfg = Release|Any CPU
		{A94584A6-989D-45A7-BBAB-9EC5466101EF}.Release|Any CPU.Build.0 = Release|Any CPU
		{72CA8391-7E30-4C68-BA0B-C67A1DEA7070}.Debug|Any CPU.ActiveCfg = Debug|Any CPU
		{72CA8391-7E30-4C68-BA0B-C67A1DEA7070}.Debug|Any CPU.Build.0 = Debug|Any CPU
		{72CA8391-7E30-4C68-BA0B-C67A1DEA7070}.Release|Any CPU.ActiveCfg = Release|Any CPU
		{72CA8391-7E30-4C68-BA0B-C67A1DEA7070}.Release|Any CPU.Build.0 = Release|Any CPU
		{7F801198-54E7-4E81-9EA3-D4665EF972D9}.Debug|Any CPU.ActiveCfg = Debug|Any CPU
		{7F801198-54E7-4E81-9EA3-D4665EF972D9}.Debug|Any CPU.Build.0 = Debug|Any CPU
		{7F801198-54E7-4E81-9EA3-D4665EF972D9}.Release|Any CPU.ActiveCfg = Release|Any CPU
		{7F801198-54E7-4E81-9EA3-D4665EF972D9}.Release|Any CPU.Build.0 = Release|Any CPU
		{E92677AE-A05E-6C43-106D-B4B4C15D36DC}.Debug|Any CPU.ActiveCfg = Debug|Any CPU
		{E92677AE-A05E-6C43-106D-B4B4C15D36DC}.Debug|Any CPU.Build.0 = Debug|Any CPU
		{E92677AE-A05E-6C43-106D-B4B4C15D36DC}.Release|Any CPU.ActiveCfg = Release|Any CPU
		{E92677AE-A05E-6C43-106D-B4B4C15D36DC}.Release|Any CPU.Build.0 = Release|Any CPU
		{6A437C5D-6DC4-1A74-CCB9-71B8EE74CF42}.Debug|Any CPU.ActiveCfg = Debug|Any CPU
		{6A437C5D-6DC4-1A74-CCB9-71B8EE74CF42}.Debug|Any CPU.Build.0 = Debug|Any CPU
		{6A437C5D-6DC4-1A74-CCB9-71B8EE74CF42}.Release|Any CPU.ActiveCfg = Release|Any CPU
		{6A437C5D-6DC4-1A74-CCB9-71B8EE74CF42}.Release|Any CPU.Build.0 = Release|Any CPU
		{17B7562F-73CC-4076-80EA-9CCAE0EC645A}.Debug|Any CPU.ActiveCfg = Debug|Any CPU
		{17B7562F-73CC-4076-80EA-9CCAE0EC645A}.Debug|Any CPU.Build.0 = Debug|Any CPU
		{17B7562F-73CC-4076-80EA-9CCAE0EC645A}.Release|Any CPU.ActiveCfg = Release|Any CPU
		{17B7562F-73CC-4076-80EA-9CCAE0EC645A}.Release|Any CPU.Build.0 = Release|Any CPU
		{1B8BB404-AC58-4758-A47F-416EFBF525CD}.Debug|Any CPU.ActiveCfg = Debug|Any CPU
		{1B8BB404-AC58-4758-A47F-416EFBF525CD}.Debug|Any CPU.Build.0 = Debug|Any CPU
		{1B8BB404-AC58-4758-A47F-416EFBF525CD}.Release|Any CPU.ActiveCfg = Release|Any CPU
		{1B8BB404-AC58-4758-A47F-416EFBF525CD}.Release|Any CPU.Build.0 = Release|Any CPU
		{00799E67-1A7E-D517-3A61-ADF4DD19DEDD}.Debug|Any CPU.ActiveCfg = Debug|Any CPU
		{00799E67-1A7E-D517-3A61-ADF4DD19DEDD}.Debug|Any CPU.Build.0 = Debug|Any CPU
		{00799E67-1A7E-D517-3A61-ADF4DD19DEDD}.Release|Any CPU.ActiveCfg = Release|Any CPU
		{00799E67-1A7E-D517-3A61-ADF4DD19DEDD}.Release|Any CPU.Build.0 = Release|Any CPU
		{8A6A7AE1-C334-BE5F-CE77-F1FC0D712CDF}.Debug|Any CPU.ActiveCfg = Debug|Any CPU
		{8A6A7AE1-C334-BE5F-CE77-F1FC0D712CDF}.Debug|Any CPU.Build.0 = Debug|Any CPU
		{8A6A7AE1-C334-BE5F-CE77-F1FC0D712CDF}.Release|Any CPU.ActiveCfg = Release|Any CPU
		{8A6A7AE1-C334-BE5F-CE77-F1FC0D712CDF}.Release|Any CPU.Build.0 = Release|Any CPU
	EndGlobalSection
	GlobalSection(SolutionProperties) = preSolution
		HideSolutionNode = FALSE
	EndGlobalSection
	GlobalSection(NestedProjects) = preSolution
		{F88448A5-1989-47BD-8A05-697E3AA18E3E} = {02EA681E-C7D8-13C7-8484-4AC65E1B71E8}
		{C44C40D0-1A5A-FF07-01D4-E71D1D2F3582} = {1AB1613B-DE4D-41B7-9D94-F9BF60343D71}
		{1EFF1D93-B9BA-1FD8-6EAF-92CF1B11B924} = {1AB1613B-DE4D-41B7-9D94-F9BF60343D71}
		{89DE1883-508C-8435-7E04-56EE8D65AAB0} = {1AB1613B-DE4D-41B7-9D94-F9BF60343D71}
		{A94584A6-989D-45A7-BBAB-9EC5466101EF} = {02EA681E-C7D8-13C7-8484-4AC65E1B71E8}
		{72CA8391-7E30-4C68-BA0B-C67A1DEA7070} = {02EA681E-C7D8-13C7-8484-4AC65E1B71E8}
		{7F801198-54E7-4E81-9EA3-D4665EF972D9} = {1F3A376A-8852-4792-8767-85198EEBB95D}
		{E92677AE-A05E-6C43-106D-B4B4C15D36DC} = {02EA681E-C7D8-13C7-8484-4AC65E1B71E8}
		{6A437C5D-6DC4-1A74-CCB9-71B8EE74CF42} = {1F3A376A-8852-4792-8767-85198EEBB95D}
		{17B7562F-73CC-4076-80EA-9CCAE0EC645A} = {02EA681E-C7D8-13C7-8484-4AC65E1B71E8}
		{1B8BB404-AC58-4758-A47F-416EFBF525CD} = {02EA681E-C7D8-13C7-8484-4AC65E1B71E8}
		{00799E67-1A7E-D517-3A61-ADF4DD19DEDD} = {02EA681E-C7D8-13C7-8484-4AC65E1B71E8}
		{8A6A7AE1-C334-BE5F-CE77-F1FC0D712CDF} = {02EA681E-C7D8-13C7-8484-4AC65E1B71E8}
	EndGlobalSection
	GlobalSection(ExtensibilityGlobals) = postSolution
		SolutionGuid = {076604D5-FFC8-4EC6-B685-09B872104596}
	EndGlobalSection
EndGlobal
